
Microsoft Visual Studio Solution File, Format Version 12.00
# Visual Studio 14
VisualStudioVersion = 14.0.25420.1
MinimumVisualStudioVersion = 10.0.40219.1
Project("{FAE04EC0-301F-11D3-BF4B-00C04F79EFBC}") = "AdvertisementManagement.Common", "AdvertisementManagement.Common\AdvertisementManagement.Common.csproj", "{6F024235-B32D-4289-9183-B5A638E0ADDF}"
EndProject
Project("{FAE04EC0-301F-11D3-BF4B-00C04F79EFBC}") = "AdvertisementManagement.Repository", "AdvertisementManagement.Repository\AdvertisementManagement.Repository.csproj", "{7EF82DBD-B5AC-4119-842D-E7C1B55CDB59}"
EndProject
Project("{FAE04EC0-301F-11D3-BF4B-00C04F79EFBC}") = "AdvertisementManagement.Service", "AdvertisementManagement.Service\AdvertisementManagement.Service.csproj", "{9C0E3665-FAB1-45DB-9B42-3040A68EF133}"
EndProject
Project("{FAE04EC0-301F-11D3-BF4B-00C04F79EFBC}") = "AdvertisementManagement.Membership", "AdvertisementManagement.Membership\AdvertisementManagement.Membership.csproj", "{5B10ADD8-339F-4608-9733-32AAA622D31C}"
EndProject
Project("{FAE04EC0-301F-11D3-BF4B-00C04F79EFBC}") = "AdvertisementManagement.Api", "AdvertisementManagement.Api\AdvertisementManagement.Api.csproj", "{35A51CFD-F1DB-412F-AEA0-1205989570EC}"
EndProject
Global
	GlobalSection(SolutionConfigurationPlatforms) = preSolution
		Debug|Any CPU = Debug|Any CPU
		Release|Any CPU = Release|Any CPU
	EndGlobalSection
	GlobalSection(ProjectConfigurationPlatforms) = postSolution
		{6F024235-B32D-4289-9183-B5A638E0ADDF}.Debug|Any CPU.ActiveCfg = Debug|Any CPU
		{6F024235-B32D-4289-9183-B5A638E0ADDF}.Debug|Any CPU.Build.0 = Debug|Any CPU
		{6F024235-B32D-4289-9183-B5A638E0ADDF}.Release|Any CPU.ActiveCfg = Release|Any CPU
		{6F024235-B32D-4289-9183-B5A638E0ADDF}.Release|Any CPU.Build.0 = Release|Any CPU
		{7EF82DBD-B5AC-4119-842D-E7C1B55CDB59}.Debug|Any CPU.ActiveCfg = Debug|Any CPU
		{7EF82DBD-B5AC-4119-842D-E7C1B55CDB59}.Debug|Any CPU.Build.0 = Debug|Any CPU
		{7EF82DBD-B5AC-4119-842D-E7C1B55CDB59}.Release|Any CPU.ActiveCfg = Release|Any CPU
		{7EF82DBD-B5AC-4119-842D-E7C1B55CDB59}.Release|Any CPU.Build.0 = Release|Any CPU
		{9C0E3665-FAB1-45DB-9B42-3040A68EF133}.Debug|Any CPU.ActiveCfg = Debug|Any CPU
		{9C0E3665-FAB1-45DB-9B42-3040A68EF133}.Debug|Any CPU.Build.0 = Debug|Any CPU
		{9C0E3665-FAB1-45DB-9B42-3040A68EF133}.Release|Any CPU.ActiveCfg = Release|Any CPU
		{9C0E3665-FAB1-45DB-9B42-3040A68EF133}.Release|Any CPU.Build.0 = Release|Any CPU
		{5B10ADD8-339F-4608-9733-32AAA622D31C}.Debug|Any CPU.ActiveCfg = Debug|Any CPU
		{5B10ADD8-339F-4608-9733-32AAA622D31C}.Debug|Any CPU.Build.0 = Debug|Any CPU
		{5B10ADD8-339F-4608-9733-32AAA622D31C}.Release|Any CPU.ActiveCfg = Release|Any CPU
		{5B10ADD8-339F-4608-9733-32AAA622D31C}.Release|Any CPU.Build.0 = Release|Any CPU
		{35A51CFD-F1DB-412F-AEA0-1205989570EC}.Debug|Any CPU.ActiveCfg = Debug|Any CPU
		{35A51CFD-F1DB-412F-AEA0-1205989570EC}.Debug|Any CPU.Build.0 = Debug|Any CPU
		{35A51CFD-F1DB-412F-AEA0-1205989570EC}.Release|Any CPU.ActiveCfg = Release|Any CPU
		{35A51CFD-F1DB-412F-AEA0-1205989570EC}.Release|Any CPU.Build.0 = Release|Any CPU
	EndGlobalSection
	GlobalSection(SolutionProperties) = preSolution
		HideSolutionNode = FALSE
	EndGlobalSection
EndGlobal
